// !$*UTF8*$!
{
	archiveVersion = 1;
	classes = {
	};
	objectVersion = 56;
	objects = {

/* Begin PBXBuildFile section */
		630AF41F2C06034B007FF5FE /* Podfile in Resources */ = {isa = PBXBuildFile; fileRef = 630AF41E2C06034B007FF5FE /* Podfile */; };
		630AF4212C060456007FF5FE /* RequestClass.swift in Sources */ = {isa = PBXBuildFile; fileRef = 630AF4202C060456007FF5FE /* RequestClass.swift */; };
		630AF4242C060697007FF5FE /* RequestParamsStruct.swift in Sources */ = {isa = PBXBuildFile; fileRef = 630AF4232C060697007FF5FE /* RequestParamsStruct.swift */; };
		630D64CB2C060AC200C7B64D /* GenresViewController.swift in Sources */ = {isa = PBXBuildFile; fileRef = 630D64CA2C060AC200C7B64D /* GenresViewController.swift */; };
		630D64CE2C060EFB00C7B64D /* LoginRequestLogic.swift in Sources */ = {isa = PBXBuildFile; fileRef = 630D64CD2C060EFB00C7B64D /* LoginRequestLogic.swift */; };
		630D64DD2C07A68100C7B64D /* RequestTokenStruct.swift in Sources */ = {isa = PBXBuildFile; fileRef = 630D64DB2C07A68100C7B64D /* RequestTokenStruct.swift */; };
		630D64E02C07A6C400C7B64D /* SessionIdStruct.swift in Sources */ = {isa = PBXBuildFile; fileRef = 630D64DE2C07A6C400C7B64D /* SessionIdStruct.swift */; };
		631153582C0E55AF00B93A77 /* UserStruct.swift in Sources */ = {isa = PBXBuildFile; fileRef = 631153572C0E55AF00B93A77 /* UserStruct.swift */; };
		6311535A2C0E56EB00B93A77 /* ResultUserDataStruct.swift in Sources */ = {isa = PBXBuildFile; fileRef = 631153592C0E56EB00B93A77 /* ResultUserDataStruct.swift */; };
		6383EDC22C0930A500CEA716 /* StaticMethodsClass.swift in Sources */ = {isa = PBXBuildFile; fileRef = 6383EDC12C0930A500CEA716 /* StaticMethodsClass.swift */; };
		6383EDC42C0931AE00CEA716 /* TrendingMovieStruct.swift in Sources */ = {isa = PBXBuildFile; fileRef = 6383EDC32C0931AE00CEA716 /* TrendingMovieStruct.swift */; };
		6383EDC82C0931D100CEA716 /* Movie.swift in Sources */ = {isa = PBXBuildFile; fileRef = 6383EDC52C0931D100CEA716 /* Movie.swift */; };
		6383EDC92C0931D100CEA716 /* MovieListResponce.swift in Sources */ = {isa = PBXBuildFile; fileRef = 6383EDC62C0931D100CEA716 /* MovieListResponce.swift */; };
		6383EDCB2C09381200CEA716 /* CollectionViewCell.swift in Sources */ = {isa = PBXBuildFile; fileRef = 6383EDCA2C09381200CEA716 /* CollectionViewCell.swift */; };
		6383EDCE2C093E6800CEA716 /* MovieViewController.swift in Sources */ = {isa = PBXBuildFile; fileRef = 6383EDCD2C093E6800CEA716 /* MovieViewController.swift */; };
		6383EDD12C0948A100CEA716 /* AddFavoriteMovieStruct.swift in Sources */ = {isa = PBXBuildFile; fileRef = 6383EDCF2C0948A100CEA716 /* AddFavoriteMovieStruct.swift */; };
		6383EDD42C09501400CEA716 /* SearchViewController.swift in Sources */ = {isa = PBXBuildFile; fileRef = 6383EDD32C09501400CEA716 /* SearchViewController.swift */; };
		6383EDD82C0952B700CEA716 /* FavoritesStruct.swift in Sources */ = {isa = PBXBuildFile; fileRef = 6383EDD52C0952B600CEA716 /* FavoritesStruct.swift */; };
		6383EDD92C0952B700CEA716 /* Results.swift in Sources */ = {isa = PBXBuildFile; fileRef = 6383EDD62C0952B600CEA716 /* Results.swift */; };
		6383EDDD2C09556200CEA716 /* SearchTableViewCell.xib in Resources */ = {isa = PBXBuildFile; fileRef = 6383EDDC2C09556200CEA716 /* SearchTableViewCell.xib */; };
		6383EDDE2C09556200CEA716 /* SearchTableViewCell.swift in Sources */ = {isa = PBXBuildFile; fileRef = 6383EDDB2C09556200CEA716 /* SearchTableViewCell.swift */; };
		6383EDE12C095DFF00CEA716 /* FavoritesViewController.swift in Sources */ = {isa = PBXBuildFile; fileRef = 6383EDE02C095DFF00CEA716 /* FavoritesViewController.swift */; };
		63B56AAB2C060277003271A9 /* AppDelegate.swift in Sources */ = {isa = PBXBuildFile; fileRef = 63B56AAA2C060277003271A9 /* AppDelegate.swift */; };
		63B56AAD2C060277003271A9 /* SceneDelegate.swift in Sources */ = {isa = PBXBuildFile; fileRef = 63B56AAC2C060277003271A9 /* SceneDelegate.swift */; };
		63B56AAF2C060277003271A9 /* LoginViewController.swift in Sources */ = {isa = PBXBuildFile; fileRef = 63B56AAE2C060277003271A9 /* LoginViewController.swift */; };
		63B56AB22C060277003271A9 /* Base in Resources */ = {isa = PBXBuildFile; fileRef = 63B56AB12C060277003271A9 /* Base */; };
		63B56AB42C060278003271A9 /* Assets.xcassets in Resources */ = {isa = PBXBuildFile; fileRef = 63B56AB32C060278003271A9 /* Assets.xcassets */; };
		63B56AB72C060278003271A9 /* Base in Resources */ = {isa = PBXBuildFile; fileRef = 63B56AB62C060278003271A9 /* Base */; };
		978729AE1A6B9873F0578805 /* libPods-tmdb.a in Frameworks */ = {isa = PBXBuildFile; fileRef = 09C931C4A101B77B3C8D5A17 /* libPods-tmdb.a */; };
/* End PBXBuildFile section */

/* Begin PBXFileReference section */
		09C931C4A101B77B3C8D5A17 /* libPods-tmdb.a */ = {isa = PBXFileReference; explicitFileType = archive.ar; includeInIndex = 0; path = "libPods-tmdb.a"; sourceTree = BUILT_PRODUCTS_DIR; };
		4134F62CAAD39F63CB301597 /* Pods-tmdb.debug.xcconfig */ = {isa = PBXFileReference; includeInIndex = 1; lastKnownFileType = text.xcconfig; name = "Pods-tmdb.debug.xcconfig"; path = "Target Support Files/Pods-tmdb/Pods-tmdb.debug.xcconfig"; sourceTree = "<group>"; };
		630AF41E2C06034B007FF5FE /* Podfile */ = {isa = PBXFileReference; fileEncoding = 4; lastKnownFileType = text; path = Podfile; sourceTree = SOURCE_ROOT; };
		630AF4202C060456007FF5FE /* RequestClass.swift */ = {isa = PBXFileReference; lastKnownFileType = sourcecode.swift; path = RequestClass.swift; sourceTree = "<group>"; };
		630AF4232C060697007FF5FE /* RequestParamsStruct.swift */ = {isa = PBXFileReference; lastKnownFileType = sourcecode.swift; path = RequestParamsStruct.swift; sourceTree = "<group>"; };
		630D64CA2C060AC200C7B64D /* GenresViewController.swift */ = {isa = PBXFileReference; lastKnownFileType = sourcecode.swift; path = GenresViewController.swift; sourceTree = "<group>"; };
		630D64CD2C060EFB00C7B64D /* LoginRequestLogic.swift */ = {isa = PBXFileReference; lastKnownFileType = sourcecode.swift; path = LoginRequestLogic.swift; sourceTree = "<group>"; };
		630D64DB2C07A68100C7B64D /* RequestTokenStruct.swift */ = {isa = PBXFileReference; fileEncoding = 4; lastKnownFileType = sourcecode.swift; path = RequestTokenStruct.swift; sourceTree = "<group>"; };
		630D64DE2C07A6C400C7B64D /* SessionIdStruct.swift */ = {isa = PBXFileReference; fileEncoding = 4; lastKnownFileType = sourcecode.swift; path = SessionIdStruct.swift; sourceTree = "<group>"; };
		631153572C0E55AF00B93A77 /* UserStruct.swift */ = {isa = PBXFileReference; lastKnownFileType = sourcecode.swift; path = UserStruct.swift; sourceTree = "<group>"; };
		631153592C0E56EB00B93A77 /* ResultUserDataStruct.swift */ = {isa = PBXFileReference; lastKnownFileType = sourcecode.swift; path = ResultUserDataStruct.swift; sourceTree = "<group>"; };
		6383EDC12C0930A500CEA716 /* StaticMethodsClass.swift */ = {isa = PBXFileReference; lastKnownFileType = sourcecode.swift; path = StaticMethodsClass.swift; sourceTree = "<group>"; };
		6383EDC32C0931AE00CEA716 /* TrendingMovieStruct.swift */ = {isa = PBXFileReference; fileEncoding = 4; lastKnownFileType = sourcecode.swift; path = TrendingMovieStruct.swift; sourceTree = "<group>"; };
		6383EDC52C0931D100CEA716 /* Movie.swift */ = {isa = PBXFileReference; fileEncoding = 4; lastKnownFileType = sourcecode.swift; path = Movie.swift; sourceTree = "<group>"; };
		6383EDC62C0931D100CEA716 /* MovieListResponce.swift */ = {isa = PBXFileReference; fileEncoding = 4; lastKnownFileType = sourcecode.swift; path = MovieListResponce.swift; sourceTree = "<group>"; };
		6383EDCA2C09381200CEA716 /* CollectionViewCell.swift */ = {isa = PBXFileReference; lastKnownFileType = sourcecode.swift; path = CollectionViewCell.swift; sourceTree = "<group>"; };
		6383EDCD2C093E6800CEA716 /* MovieViewController.swift */ = {isa = PBXFileReference; lastKnownFileType = sourcecode.swift; path = MovieViewController.swift; sourceTree = "<group>"; };
		6383EDCF2C0948A100CEA716 /* AddFavoriteMovieStruct.swift */ = {isa = PBXFileReference; fileEncoding = 4; lastKnownFileType = sourcecode.swift; path = AddFavoriteMovieStruct.swift; sourceTree = "<group>"; };
		6383EDD32C09501400CEA716 /* SearchViewController.swift */ = {isa = PBXFileReference; lastKnownFileType = sourcecode.swift; path = SearchViewController.swift; sourceTree = "<group>"; };
		6383EDD52C0952B600CEA716 /* FavoritesStruct.swift */ = {isa = PBXFileReference; fileEncoding = 4; lastKnownFileType = sourcecode.swift; path = FavoritesStruct.swift; sourceTree = "<group>"; };
		6383EDD62C0952B600CEA716 /* Results.swift */ = {isa = PBXFileReference; fileEncoding = 4; lastKnownFileType = sourcecode.swift; path = Results.swift; sourceTree = "<group>"; };
		6383EDDB2C09556200CEA716 /* SearchTableViewCell.swift */ = {isa = PBXFileReference; lastKnownFileType = sourcecode.swift; path = SearchTableViewCell.swift; sourceTree = "<group>"; };
		6383EDDC2C09556200CEA716 /* SearchTableViewCell.xib */ = {isa = PBXFileReference; lastKnownFileType = file.xib; path = SearchTableViewCell.xib; sourceTree = "<group>"; };
		6383EDE02C095DFF00CEA716 /* FavoritesViewController.swift */ = {isa = PBXFileReference; lastKnownFileType = sourcecode.swift; path = FavoritesViewController.swift; sourceTree = "<group>"; };
		63B56AA72C060277003271A9 /* tmdb.app */ = {isa = PBXFileReference; explicitFileType = wrapper.application; includeInIndex = 0; path = tmdb.app; sourceTree = BUILT_PRODUCTS_DIR; };
		63B56AAA2C060277003271A9 /* AppDelegate.swift */ = {isa = PBXFileReference; lastKnownFileType = sourcecode.swift; path = AppDelegate.swift; sourceTree = "<group>"; };
		63B56AAC2C060277003271A9 /* SceneDelegate.swift */ = {isa = PBXFileReference; lastKnownFileType = sourcecode.swift; path = SceneDelegate.swift; sourceTree = "<group>"; };
		63B56AAE2C060277003271A9 /* LoginViewController.swift */ = {isa = PBXFileReference; lastKnownFileType = sourcecode.swift; path = LoginViewController.swift; sourceTree = "<group>"; };
		63B56AB12C060277003271A9 /* Base */ = {isa = PBXFileReference; lastKnownFileType = file.storyboard; name = Base; path = Base.lproj/Main.storyboard; sourceTree = "<group>"; };
		63B56AB32C060278003271A9 /* Assets.xcassets */ = {isa = PBXFileReference; lastKnownFileType = folder.assetcatalog; path = Assets.xcassets; sourceTree = "<group>"; };
		63B56AB62C060278003271A9 /* Base */ = {isa = PBXFileReference; lastKnownFileType = file.storyboard; name = Base; path = Base.lproj/LaunchScreen.storyboard; sourceTree = "<group>"; };
		63B56AB82C060278003271A9 /* Info.plist */ = {isa = PBXFileReference; lastKnownFileType = text.plist.xml; path = Info.plist; sourceTree = "<group>"; };
		AE9491F0487F1578F4F95A79 /* Pods-tmdb.release.xcconfig */ = {isa = PBXFileReference; includeInIndex = 1; lastKnownFileType = text.xcconfig; name = "Pods-tmdb.release.xcconfig"; path = "Target Support Files/Pods-tmdb/Pods-tmdb.release.xcconfig"; sourceTree = "<group>"; };
/* End PBXFileReference section */

/* Begin PBXFrameworksBuildPhase section */
		63B56AA42C060277003271A9 /* Frameworks */ = {
			isa = PBXFrameworksBuildPhase;
			buildActionMask = 2147483647;
			files = (
				978729AE1A6B9873F0578805 /* libPods-tmdb.a in Frameworks */,
			);
			runOnlyForDeploymentPostprocessing = 0;
		};
/* End PBXFrameworksBuildPhase section */

/* Begin PBXGroup section */
		172044B0FAAFAFAAF9AE5A8C /* Frameworks */ = {
			isa = PBXGroup;
			children = (
				09C931C4A101B77B3C8D5A17 /* libPods-tmdb.a */,
			);
			name = Frameworks;
			sourceTree = "<group>";
		};
		630AF41B2C0602CE007FF5FE /* Modules */ = {
			isa = PBXGroup;
			children = (
				630AF41D2C0602D9007FF5FE /* Views */,
				630AF41C2C0602D4007FF5FE /* Classes */,
			);
			path = Modules;
			sourceTree = "<group>";
		};
		630AF41C2C0602D4007FF5FE /* Classes */ = {
			isa = PBXGroup;
			children = (
				6383EDC02C09309300CEA716 /* StaticMethodsClass */,
				630AF4222C060678007FF5FE /* RequestClass */,
			);
			path = Classes;
			sourceTree = "<group>";
		};
		630AF41D2C0602D9007FF5FE /* Views */ = {
			isa = PBXGroup;
			children = (
				6383EDDF2C095DD600CEA716 /* FavoritesView */,
				6383EDDA2C09552300CEA716 /* TableViewCell */,
				6383EDD22C09500400CEA716 /* SearchView */,
				6383EDCC2C093E4D00CEA716 /* MovieView */,
				630D64CF2C060F1500C7B64D /* Genres */,
				630D64CC2C060EE200C7B64D /* Login */,
			);
			path = Views;
			sourceTree = "<group>";
		};
		630AF4222C060678007FF5FE /* RequestClass */ = {
			isa = PBXGroup;
			children = (
				630AF4202C060456007FF5FE /* RequestClass.swift */,
				630AF4232C060697007FF5FE /* RequestParamsStruct.swift */,
			);
			path = RequestClass;
			sourceTree = "<group>";
		};
		630D64CC2C060EE200C7B64D /* Login */ = {
			isa = PBXGroup;
			children = (
				630D64DF2C07A6C400C7B64D /* SessionIdStruct */,
				630D64DC2C07A68100C7B64D /* RequestTokenStruct */,
				630D64D52C060FDE00C7B64D /* UserDataStruct */,
				63B56AAE2C060277003271A9 /* LoginViewController.swift */,
				630D64CD2C060EFB00C7B64D /* LoginRequestLogic.swift */,
			);
			path = Login;
			sourceTree = "<group>";
		};
		630D64CF2C060F1500C7B64D /* Genres */ = {
			isa = PBXGroup;
			children = (
				6383EDC72C0931D100CEA716 /* MovieListStructs */,
				6383EDC32C0931AE00CEA716 /* TrendingMovieStruct.swift */,
				630D64CA2C060AC200C7B64D /* GenresViewController.swift */,
				6383EDCA2C09381200CEA716 /* CollectionViewCell.swift */,
			);
			path = Genres;
			sourceTree = "<group>";
		};
		630D64D52C060FDE00C7B64D /* UserDataStruct */ = {
			isa = PBXGroup;
			children = (
				631153572C0E55AF00B93A77 /* UserStruct.swift */,
				631153592C0E56EB00B93A77 /* ResultUserDataStruct.swift */,
			);
			path = UserDataStruct;
			sourceTree = "<group>";
		};
		630D64DC2C07A68100C7B64D /* RequestTokenStruct */ = {
			isa = PBXGroup;
			children = (
				630D64DB2C07A68100C7B64D /* RequestTokenStruct.swift */,
			);
			path = RequestTokenStruct;
			sourceTree = "<group>";
		};
		630D64DF2C07A6C400C7B64D /* SessionIdStruct */ = {
			isa = PBXGroup;
			children = (
				630D64DE2C07A6C400C7B64D /* SessionIdStruct.swift */,
			);
			path = SessionIdStruct;
			sourceTree = "<group>";
		};
		6383EDC02C09309300CEA716 /* StaticMethodsClass */ = {
			isa = PBXGroup;
			children = (
				6383EDC12C0930A500CEA716 /* StaticMethodsClass.swift */,
			);
			path = StaticMethodsClass;
			sourceTree = "<group>";
		};
		6383EDC72C0931D100CEA716 /* MovieListStructs */ = {
			isa = PBXGroup;
			children = (
				6383EDC52C0931D100CEA716 /* Movie.swift */,
				6383EDC62C0931D100CEA716 /* MovieListResponce.swift */,
			);
			path = MovieListStructs;
			sourceTree = "<group>";
		};
		6383EDCC2C093E4D00CEA716 /* MovieView */ = {
			isa = PBXGroup;
			children = (
				6383EDD02C0948A100CEA716 /* AddFavoriteMovie */,
				6383EDCD2C093E6800CEA716 /* MovieViewController.swift */,
			);
			path = MovieView;
			sourceTree = "<group>";
		};
		6383EDD02C0948A100CEA716 /* AddFavoriteMovie */ = {
			isa = PBXGroup;
			children = (
				6383EDCF2C0948A100CEA716 /* AddFavoriteMovieStruct.swift */,
			);
			path = AddFavoriteMovie;
			sourceTree = "<group>";
		};
		6383EDD22C09500400CEA716 /* SearchView */ = {
			isa = PBXGroup;
			children = (
				6383EDD72C0952B600CEA716 /* FavoriteStructs */,
				6383EDD32C09501400CEA716 /* SearchViewController.swift */,
			);
			path = SearchView;
			sourceTree = "<group>";
		};
		6383EDD72C0952B600CEA716 /* FavoriteStructs */ = {
			isa = PBXGroup;
			children = (
				6383EDD52C0952B600CEA716 /* FavoritesStruct.swift */,
				6383EDD62C0952B600CEA716 /* Results.swift */,
			);
			path = FavoriteStructs;
			sourceTree = "<group>";
		};
		6383EDDA2C09552300CEA716 /* TableViewCell */ = {
			isa = PBXGroup;
			children = (
				6383EDDB2C09556200CEA716 /* SearchTableViewCell.swift */,
				6383EDDC2C09556200CEA716 /* SearchTableViewCell.xib */,
			);
			path = TableViewCell;
			sourceTree = "<group>";
		};
		6383EDDF2C095DD600CEA716 /* FavoritesView */ = {
			isa = PBXGroup;
			children = (
				6383EDE02C095DFF00CEA716 /* FavoritesViewController.swift */,
			);
			path = FavoritesView;
			sourceTree = "<group>";
		};
		63B56A9E2C060277003271A9 = {
			isa = PBXGroup;
			children = (
				63B56AA92C060277003271A9 /* tmdb */,
				63B56AA82C060277003271A9 /* Products */,
				B7798236C110C0885537B935 /* Pods */,
				172044B0FAAFAFAAF9AE5A8C /* Frameworks */,
			);
			sourceTree = "<group>";
		};
		63B56AA82C060277003271A9 /* Products */ = {
			isa = PBXGroup;
			children = (
				63B56AA72C060277003271A9 /* tmdb.app */,
			);
			name = Products;
			sourceTree = "<group>";
		};
		63B56AA92C060277003271A9 /* tmdb */ = {
			isa = PBXGroup;
			children = (
				630AF41E2C06034B007FF5FE /* Podfile */,
				630AF41B2C0602CE007FF5FE /* Modules */,
				63B56AAA2C060277003271A9 /* AppDelegate.swift */,
				63B56AAC2C060277003271A9 /* SceneDelegate.swift */,
				63B56AB02C060277003271A9 /* Main.storyboard */,
				63B56AB32C060278003271A9 /* Assets.xcassets */,
				63B56AB52C060278003271A9 /* LaunchScreen.storyboard */,
				63B56AB82C060278003271A9 /* Info.plist */,
			);
			path = tmdb;
			sourceTree = "<group>";
		};
		B7798236C110C0885537B935 /* Pods */ = {
			isa = PBXGroup;
			children = (
				4134F62CAAD39F63CB301597 /* Pods-tmdb.debug.xcconfig */,
				AE9491F0487F1578F4F95A79 /* Pods-tmdb.release.xcconfig */,
			);
			path = Pods;
			sourceTree = "<group>";
		};
/* End PBXGroup section */

/* Begin PBXNativeTarget section */
		63B56AA62C060277003271A9 /* tmdb */ = {
			isa = PBXNativeTarget;
			buildConfigurationList = 63B56ABB2C060278003271A9 /* Build configuration list for PBXNativeTarget "tmdb" */;
			buildPhases = (
				FCA7C413CFF4192D0B56080C /* [CP] Check Pods Manifest.lock */,
				63B56AA32C060277003271A9 /* Sources */,
				63B56AA42C060277003271A9 /* Frameworks */,
				63B56AA52C060277003271A9 /* Resources */,
				00B2C570A8BD5351FEEE3B68 /* [CP] Copy Pods Resources */,
			);
			buildRules = (
			);
			dependencies = (
			);
			name = tmdb;
			productName = tmdb;
			productReference = 63B56AA72C060277003271A9 /* tmdb.app */;
			productType = "com.apple.product-type.application";
		};
/* End PBXNativeTarget section */

/* Begin PBXProject section */
		63B56A9F2C060277003271A9 /* Project object */ = {
			isa = PBXProject;
			attributes = {
				BuildIndependentTargetsInParallel = 1;
				LastSwiftUpdateCheck = 1530;
				LastUpgradeCheck = 1530;
				TargetAttributes = {
					63B56AA62C060277003271A9 = {
						CreatedOnToolsVersion = 15.3;
					};
				};
			};
			buildConfigurationList = 63B56AA22C060277003271A9 /* Build configuration list for PBXProject "tmdb" */;
			compatibilityVersion = "Xcode 14.0";
			developmentRegion = en;
			hasScannedForEncodings = 0;
			knownRegions = (
				en,
				Base,
			);
			mainGroup = 63B56A9E2C060277003271A9;
			productRefGroup = 63B56AA82C060277003271A9 /* Products */;
			projectDirPath = "";
			projectRoot = "";
			targets = (
				63B56AA62C060277003271A9 /* tmdb */,
			);
		};
/* End PBXProject section */

/* Begin PBXResourcesBuildPhase section */
		63B56AA52C060277003271A9 /* Resources */ = {
			isa = PBXResourcesBuildPhase;
			buildActionMask = 2147483647;
			files = (
				63B56AB42C060278003271A9 /* Assets.xcassets in Resources */,
				63B56AB72C060278003271A9 /* Base in Resources */,
				630AF41F2C06034B007FF5FE /* Podfile in Resources */,
				63B56AB22C060277003271A9 /* Base in Resources */,
				6383EDDD2C09556200CEA716 /* SearchTableViewCell.xib in Resources */,
			);
			runOnlyForDeploymentPostprocessing = 0;
		};
/* End PBXResourcesBuildPhase section */

/* Begin PBXShellScriptBuildPhase section */
		00B2C570A8BD5351FEEE3B68 /* [CP] Copy Pods Resources */ = {
			isa = PBXShellScriptBuildPhase;
			buildActionMask = 2147483647;
			files = (
			);
			inputFileListPaths = (
				"${PODS_ROOT}/Target Support Files/Pods-tmdb/Pods-tmdb-resources-${CONFIGURATION}-input-files.xcfilelist",
			);
			name = "[CP] Copy Pods Resources";
			outputFileListPaths = (
				"${PODS_ROOT}/Target Support Files/Pods-tmdb/Pods-tmdb-resources-${CONFIGURATION}-output-files.xcfilelist",
			);
			runOnlyForDeploymentPostprocessing = 0;
			shellPath = /bin/sh;
			shellScript = "\"${PODS_ROOT}/Target Support Files/Pods-tmdb/Pods-tmdb-resources.sh\"\n";
			showEnvVarsInLog = 0;
		};
		FCA7C413CFF4192D0B56080C /* [CP] Check Pods Manifest.lock */ = {
			isa = PBXShellScriptBuildPhase;
			buildActionMask = 2147483647;
			files = (
			);
			inputFileListPaths = (
			);
			inputPaths = (
				"${PODS_PODFILE_DIR_PATH}/Podfile.lock",
				"${PODS_ROOT}/Manifest.lock",
			);
			name = "[CP] Check Pods Manifest.lock";
			outputFileListPaths = (
			);
			outputPaths = (
				"$(DERIVED_FILE_DIR)/Pods-tmdb-checkManifestLockResult.txt",
			);
			runOnlyForDeploymentPostprocessing = 0;
			shellPath = /bin/sh;
			shellScript = "diff \"${PODS_PODFILE_DIR_PATH}/Podfile.lock\" \"${PODS_ROOT}/Manifest.lock\" > /dev/null\nif [ $? != 0 ] ; then\n    # print error to STDERR\n    echo \"error: The sandbox is not in sync with the Podfile.lock. Run 'pod install' or update your CocoaPods installation.\" >&2\n    exit 1\nfi\n# This output is used by Xcode 'outputs' to avoid re-running this script phase.\necho \"SUCCESS\" > \"${SCRIPT_OUTPUT_FILE_0}\"\n";
			showEnvVarsInLog = 0;
		};
/* End PBXShellScriptBuildPhase section */

/* Begin PBXSourcesBuildPhase section */
		63B56AA32C060277003271A9 /* Sources */ = {
			isa = PBXSourcesBuildPhase;
			buildActionMask = 2147483647;
			files = (
				6383EDE12C095DFF00CEA716 /* FavoritesViewController.swift in Sources */,
				630D64CB2C060AC200C7B64D /* GenresViewController.swift in Sources */,
				6383EDD12C0948A100CEA716 /* AddFavoriteMovieStruct.swift in Sources */,
				6383EDC22C0930A500CEA716 /* StaticMethodsClass.swift in Sources */,
				630D64CE2C060EFB00C7B64D /* LoginRequestLogic.swift in Sources */,
				6383EDC42C0931AE00CEA716 /* TrendingMovieStruct.swift in Sources */,
				630AF4212C060456007FF5FE /* RequestClass.swift in Sources */,
				63B56AAF2C060277003271A9 /* LoginViewController.swift in Sources */,
				6383EDC92C0931D100CEA716 /* MovieListResponce.swift in Sources */,
				6311535A2C0E56EB00B93A77 /* ResultUserDataStruct.swift in Sources */,
				630D64DD2C07A68100C7B64D /* RequestTokenStruct.swift in Sources */,
				630D64E02C07A6C400C7B64D /* SessionIdStruct.swift in Sources */,
				6383EDCB2C09381200CEA716 /* CollectionViewCell.swift in Sources */,
				6383EDD42C09501400CEA716 /* SearchViewController.swift in Sources */,
				6383EDCE2C093E6800CEA716 /* MovieViewController.swift in Sources */,
				630AF4242C060697007FF5FE /* RequestParamsStruct.swift in Sources */,
				6383EDD82C0952B700CEA716 /* FavoritesStruct.swift in Sources */,
				63B56AAB2C060277003271A9 /* AppDelegate.swift in Sources */,
				631153582C0E55AF00B93A77 /* UserStruct.swift in Sources */,
				6383EDD92C0952B700CEA716 /* Results.swift in Sources */,
				6383EDDE2C09556200CEA716 /* SearchTableViewCell.swift in Sources */,
				63B56AAD2C060277003271A9 /* SceneDelegate.swift in Sources */,
				6383EDC82C0931D100CEA716 /* Movie.swift in Sources */,
			);
			runOnlyForDeploymentPostprocessing = 0;
		};
/* End PBXSourcesBuildPhase section */

/* Begin PBXVariantGroup section */
		63B56AB02C060277003271A9 /* Main.storyboard */ = {
			isa = PBXVariantGroup;
			children = (
				63B56AB12C060277003271A9 /* Base */,
			);
			name = Main.storyboard;
			sourceTree = "<group>";
		};
		63B56AB52C060278003271A9 /* LaunchScreen.storyboard */ = {
			isa = PBXVariantGroup;
			children = (
				63B56AB62C060278003271A9 /* Base */,
			);
			name = LaunchScreen.storyboard;
			sourceTree = "<group>";
		};
/* End PBXVariantGroup section */

/* Begin XCBuildConfiguration section */
		63B56AB92C060278003271A9 /* Debug */ = {
			isa = XCBuildConfiguration;
			buildSettings = {
				ALWAYS_SEARCH_USER_PATHS = NO;
				ASSETCATALOG_COMPILER_GENERATE_SWIFT_ASSET_SYMBOL_EXTENSIONS = YES;
				CLANG_ANALYZER_NONNULL = YES;
				CLANG_ANALYZER_NUMBER_OBJECT_CONVERSION = YES_AGGRESSIVE;
				CLANG_CXX_LANGUAGE_STANDARD = "gnu++20";
				CLANG_ENABLE_MODULES = YES;
				CLANG_ENABLE_OBJC_ARC = YES;
				CLANG_ENABLE_OBJC_WEAK = YES;
				CLANG_WARN_BLOCK_CAPTURE_AUTORELEASING = YES;
				CLANG_WARN_BOOL_CONVERSION = YES;
				CLANG_WARN_COMMA = YES;
				CLANG_WARN_CONSTANT_CONVERSION = YES;
				CLANG_WARN_DEPRECATED_OBJC_IMPLEMENTATIONS = YES;
				CLANG_WARN_DIRECT_OBJC_ISA_USAGE = YES_ERROR;
				CLANG_WARN_DOCUMENTATION_COMMENTS = YES;
				CLANG_WARN_EMPTY_BODY = YES;
				CLANG_WARN_ENUM_CONVERSION = YES;
				CLANG_WARN_INFINITE_RECURSION = YES;
				CLANG_WARN_INT_CONVERSION = YES;
				CLANG_WARN_NON_LITERAL_NULL_CONVERSION = YES;
				CLANG_WARN_OBJC_IMPLICIT_RETAIN_SELF = YES;
				CLANG_WARN_OBJC_LITERAL_CONVERSION = YES;
				CLANG_WARN_OBJC_ROOT_CLASS = YES_ERROR;
				CLANG_WARN_QUOTED_INCLUDE_IN_FRAMEWORK_HEADER = YES;
				CLANG_WARN_RANGE_LOOP_ANALYSIS = YES;
				CLANG_WARN_STRICT_PROTOTYPES = YES;
				CLANG_WARN_SUSPICIOUS_MOVE = YES;
				CLANG_WARN_UNGUARDED_AVAILABILITY = YES_AGGRESSIVE;
				CLANG_WARN_UNREACHABLE_CODE = YES;
				CLANG_WARN__DUPLICATE_METHOD_MATCH = YES;
				COPY_PHASE_STRIP = NO;
				DEBUG_INFORMATION_FORMAT = dwarf;
				ENABLE_STRICT_OBJC_MSGSEND = YES;
				ENABLE_TESTABILITY = YES;
				ENABLE_USER_SCRIPT_SANDBOXING = YES;
				GCC_C_LANGUAGE_STANDARD = gnu17;
				GCC_DYNAMIC_NO_PIC = NO;
				GCC_NO_COMMON_BLOCKS = YES;
				GCC_OPTIMIZATION_LEVEL = 0;
				GCC_PREPROCESSOR_DEFINITIONS = (
					"DEBUG=1",
					"$(inherited)",
				);
				GCC_WARN_64_TO_32_BIT_CONVERSION = YES;
				GCC_WARN_ABOUT_RETURN_TYPE = YES_ERROR;
				GCC_WARN_UNDECLARED_SELECTOR = YES;
				GCC_WARN_UNINITIALIZED_AUTOS = YES_AGGRESSIVE;
				GCC_WARN_UNUSED_FUNCTION = YES;
				GCC_WARN_UNUSED_VARIABLE = YES;
				IPHONEOS_DEPLOYMENT_TARGET = 17.4;
				LOCALIZATION_PREFERS_STRING_CATALOGS = YES;
				MTL_ENABLE_DEBUG_INFO = INCLUDE_SOURCE;
				MTL_FAST_MATH = YES;
				ONLY_ACTIVE_ARCH = YES;
				SDKROOT = iphoneos;
				SWIFT_ACTIVE_COMPILATION_CONDITIONS = "DEBUG $(inherited)";
				SWIFT_OPTIMIZATION_LEVEL = "-Onone";
			};
			name = Debug;
		};
		63B56ABA2C060278003271A9 /* Release */ = {
			isa = XCBuildConfiguration;
			buildSettings = {
				ALWAYS_SEARCH_USER_PATHS = NO;
				ASSETCATALOG_COMPILER_GENERATE_SWIFT_ASSET_SYMBOL_EXTENSIONS = YES;
				CLANG_ANALYZER_NONNULL = YES;
				CLANG_ANALYZER_NUMBER_OBJECT_CONVERSION = YES_AGGRESSIVE;
				CLANG_CXX_LANGUAGE_STANDARD = "gnu++20";
				CLANG_ENABLE_MODULES = YES;
				CLANG_ENABLE_OBJC_ARC = YES;
				CLANG_ENABLE_OBJC_WEAK = YES;
				CLANG_WARN_BLOCK_CAPTURE_AUTORELEASING = YES;
				CLANG_WARN_BOOL_CONVERSION = YES;
				CLANG_WARN_COMMA = YES;
				CLANG_WARN_CONSTANT_CONVERSION = YES;
				CLANG_WARN_DEPRECATED_OBJC_IMPLEMENTATIONS = YES;
				CLANG_WARN_DIRECT_OBJC_ISA_USAGE = YES_ERROR;
				CLANG_WARN_DOCUMENTATION_COMMENTS = YES;
				CLANG_WARN_EMPTY_BODY = YES;
				CLANG_WARN_ENUM_CONVERSION = YES;
				CLANG_WARN_INFINITE_RECURSION = YES;
				CLANG_WARN_INT_CONVERSION = YES;
				CLANG_WARN_NON_LITERAL_NULL_CONVERSION = YES;
				CLANG_WARN_OBJC_IMPLICIT_RETAIN_SELF = YES;
				CLANG_WARN_OBJC_LITERAL_CONVERSION = YES;
				CLANG_WARN_OBJC_ROOT_CLASS = YES_ERROR;
				CLANG_WARN_QUOTED_INCLUDE_IN_FRAMEWORK_HEADER = YES;
				CLANG_WARN_RANGE_LOOP_ANALYSIS = YES;
				CLANG_WARN_STRICT_PROTOTYPES = YES;
				CLANG_WARN_SUSPICIOUS_MOVE = YES;
				CLANG_WARN_UNGUARDED_AVAILABILITY = YES_AGGRESSIVE;
				CLANG_WARN_UNREACHABLE_CODE = YES;
				CLANG_WARN__DUPLICATE_METHOD_MATCH = YES;
				COPY_PHASE_STRIP = NO;
				DEBUG_INFORMATION_FORMAT = "dwarf-with-dsym";
				ENABLE_NS_ASSERTIONS = NO;
				ENABLE_STRICT_OBJC_MSGSEND = YES;
				ENABLE_USER_SCRIPT_SANDBOXING = YES;
				GCC_C_LANGUAGE_STANDARD = gnu17;
				GCC_NO_COMMON_BLOCKS = YES;
				GCC_WARN_64_TO_32_BIT_CONVERSION = YES;
				GCC_WARN_ABOUT_RETURN_TYPE = YES_ERROR;
				GCC_WARN_UNDECLARED_SELECTOR = YES;
				GCC_WARN_UNINITIALIZED_AUTOS = YES_AGGRESSIVE;
				GCC_WARN_UNUSED_FUNCTION = YES;
				GCC_WARN_UNUSED_VARIABLE = YES;
				IPHONEOS_DEPLOYMENT_TARGET = 17.4;
				LOCALIZATION_PREFERS_STRING_CATALOGS = YES;
				MTL_ENABLE_DEBUG_INFO = NO;
				MTL_FAST_MATH = YES;
				SDKROOT = iphoneos;
				SWIFT_COMPILATION_MODE = wholemodule;
				VALIDATE_PRODUCT = YES;
			};
			name = Release;
		};
		63B56ABC2C060278003271A9 /* Debug */ = {
			isa = XCBuildConfiguration;
			baseConfigurationReference = 4134F62CAAD39F63CB301597 /* Pods-tmdb.debug.xcconfig */;
			buildSettings = {
				ASSETCATALOG_COMPILER_APPICON_NAME = AppIcon;
				ASSETCATALOG_COMPILER_GLOBAL_ACCENT_COLOR_NAME = AccentColor;
				CODE_SIGN_STYLE = Automatic;
				CURRENT_PROJECT_VERSION = 1;
				DEVELOPMENT_TEAM = 43JJRWSTM6;
				ENABLE_USER_SCRIPT_SANDBOXING = NO;
				GENERATE_INFOPLIST_FILE = YES;
				INFOPLIST_FILE = tmdb/Info.plist;
				INFOPLIST_KEY_UIApplicationSupportsIndirectInputEvents = YES;
				INFOPLIST_KEY_UILaunchStoryboardName = LaunchScreen;
				INFOPLIST_KEY_UIMainStoryboardFile = Main;
				INFOPLIST_KEY_UISupportedInterfaceOrientations_iPad = "UIInterfaceOrientationPortrait UIInterfaceOrientationPortraitUpsideDown UIInterfaceOrientationLandscapeLeft UIInterfaceOrientationLandscapeRight";
				INFOPLIST_KEY_UISupportedInterfaceOrientations_iPhone = "UIInterfaceOrientationPortrait UIInterfaceOrientationLandscapeLeft UIInterfaceOrientationLandscapeRight";
				LD_RUNPATH_SEARCH_PATHS = (
					"$(inherited)",
					"@executable_path/Frameworks",
				);
				MARKETING_VERSION = 1.0;
				PRODUCT_BUNDLE_IDENTIFIER = IvanPashchenko.tmdb;
				PRODUCT_NAME = "$(TARGET_NAME)";
				SWIFT_EMIT_LOC_STRINGS = YES;
				SWIFT_VERSION = 5.0;
				TARGETED_DEVICE_FAMILY = "1,2";
			};
			name = Debug;
		};
		63B56ABD2C060278003271A9 /* Release */ = {
			isa = XCBuildConfiguration;
			baseConfigurationReference = AE9491F0487F1578F4F95A79 /* Pods-tmdb.release.xcconfig */;
			buildSettings = {
				ASSETCATALOG_COMPILER_APPICON_NAME = AppIcon;
				ASSETCATALOG_COMPILER_GLOBAL_ACCENT_COLOR_NAME = AccentColor;
				CODE_SIGN_STYLE = Automatic;
				CURRENT_PROJECT_VERSION = 1;
				DEVELOPMENT_TEAM = 43JJRWSTM6;
				ENABLE_USER_SCRIPT_SANDBOXING = NO;
				GENERATE_INFOPLIST_FILE = YES;
				INFOPLIST_FILE = tmdb/Info.plist;
				INFOPLIST_KEY_UIApplicationSupportsIndirectInputEvents = YES;
				INFOPLIST_KEY_UILaunchStoryboardName = LaunchScreen;
				INFOPLIST_KEY_UIMainStoryboardFile = Main;
				INFOPLIST_KEY_UISupportedInterfaceOrientations_iPad = "UIInterfaceOrientationPortrait UIInterfaceOrientationPortraitUpsideDown UIInterfaceOrientationLandscapeLeft UIInterfaceOrientationLandscapeRight";
				INFOPLIST_KEY_UISupportedInterfaceOrientations_iPhone = "UIInterfaceOrientationPortrait UIInterfaceOrientationLandscapeLeft UIInterfaceOrientationLandscapeRight";
				LD_RUNPATH_SEARCH_PATHS = (
					"$(inherited)",
					"@executable_path/Frameworks",
				);
				MARKETING_VERSION = 1.0;
				PRODUCT_BUNDLE_IDENTIFIER = IvanPashchenko.tmdb;
				PRODUCT_NAME = "$(TARGET_NAME)";
				SWIFT_EMIT_LOC_STRINGS = YES;
				SWIFT_VERSION = 5.0;
				TARGETED_DEVICE_FAMILY = "1,2";
			};
			name = Release;
		};
/* End XCBuildConfiguration section */

/* Begin XCConfigurationList section */
		63B56AA22C060277003271A9 /* Build configuration list for PBXProject "tmdb" */ = {
			isa = XCConfigurationList;
			buildConfigurations = (
				63B56AB92C060278003271A9 /* Debug */,
				63B56ABA2C060278003271A9 /* Release */,
			);
			defaultConfigurationIsVisible = 0;
			defaultConfigurationName = Release;
		};
		63B56ABB2C060278003271A9 /* Build configuration list for PBXNativeTarget "tmdb" */ = {
			isa = XCConfigurationList;
			buildConfigurations = (
				63B56ABC2C060278003271A9 /* Debug */,
				63B56ABD2C060278003271A9 /* Release */,
			);
			defaultConfigurationIsVisible = 0;
			defaultConfigurationName = Release;
		};
/* End XCConfigurationList section */
	};
	rootObject = 63B56A9F2C060277003271A9 /* Project object */;
}
